
Microsoft Visual Studio Solution File, Format Version 12.00
# Visual Studio Version 16
VisualStudioVersion = 16.0.31911.196
MinimumVisualStudioVersion = 10.0.40219.1
Project("{FAE04EC0-301F-11D3-BF4B-00C04F79EFBC}") = "Solução_uri", "Solução_uri\Solução_uri.csproj", "{6B4E0F9E-A5CC-4EEE-AB9E-8C0D3175EF6B}"
EndProject
Project("{FAE04EC0-301F-11D3-BF4B-00C04F79EFBC}") = "Uri 1001", "Uri 1001\Uri 1001.csproj", "{EF7B29EF-2E44-4391-8103-8A3854CDA3CB}"
EndProject
Project("{FAE04EC0-301F-11D3-BF4B-00C04F79EFBC}") = "Uri 1002", "Uri 1002\Uri 1002.csproj", "{144BCA15-B865-4CB2-B698-7EFD26412A63}"
EndProject
Project("{FAE04EC0-301F-11D3-BF4B-00C04F79EFBC}") = "Uri 1003", "Uri 1003\Uri 1003.csproj", "{1CA14315-207C-4AC0-8E03-B53F16FD0ECC}"
EndProject
Global
	GlobalSection(SolutionConfigurationPlatforms) = preSolution
		Debug|Any CPU = Debug|Any CPU
		Release|Any CPU = Release|Any CPU
	EndGlobalSection
	GlobalSection(ProjectConfigurationPlatforms) = postSolution
		{6B4E0F9E-A5CC-4EEE-AB9E-8C0D3175EF6B}.Debug|Any CPU.ActiveCfg = Debug|Any CPU
		{6B4E0F9E-A5CC-4EEE-AB9E-8C0D3175EF6B}.Debug|Any CPU.Build.0 = Debug|Any CPU
		{6B4E0F9E-A5CC-4EEE-AB9E-8C0D3175EF6B}.Release|Any CPU.ActiveCfg = Release|Any CPU
		{6B4E0F9E-A5CC-4EEE-AB9E-8C0D3175EF6B}.Release|Any CPU.Build.0 = Release|Any CPU
		{EF7B29EF-2E44-4391-8103-8A3854CDA3CB}.Debug|Any CPU.ActiveCfg = Debug|Any CPU
		{EF7B29EF-2E44-4391-8103-8A3854CDA3CB}.Debug|Any CPU.Build.0 = Debug|Any CPU
		{EF7B29EF-2E44-4391-8103-8A3854CDA3CB}.Release|Any CPU.ActiveCfg = Release|Any CPU
		{EF7B29EF-2E44-4391-8103-8A3854CDA3CB}.Release|Any CPU.Build.0 = Release|Any CPU
		{144BCA15-B865-4CB2-B698-7EFD26412A63}.Debug|Any CPU.ActiveCfg = Debug|Any CPU
		{144BCA15-B865-4CB2-B698-7EFD26412A63}.Debug|Any CPU.Build.0 = Debug|Any CPU
		{144BCA15-B865-4CB2-B698-7EFD26412A63}.Release|Any CPU.ActiveCfg = Release|Any CPU
		{144BCA15-B865-4CB2-B698-7EFD26412A63}.Release|Any CPU.Build.0 = Release|Any CPU
		{1CA14315-207C-4AC0-8E03-B53F16FD0ECC}.Debug|Any CPU.ActiveCfg = Debug|Any CPU
		{1CA14315-207C-4AC0-8E03-B53F16FD0ECC}.Debug|Any CPU.Build.0 = Debug|Any CPU
		{1CA14315-207C-4AC0-8E03-B53F16FD0ECC}.Release|Any CPU.ActiveCfg = Release|Any CPU
		{1CA14315-207C-4AC0-8E03-B53F16FD0ECC}.Release|Any CPU.Build.0 = Release|Any CPU
	EndGlobalSection
	GlobalSection(SolutionProperties) = preSolution
		HideSolutionNode = FALSE
	EndGlobalSection
	GlobalSection(ExtensibilityGlobals) = postSolution
		SolutionGuid = {FD739660-1D00-452E-989F-D8EF9B1BCF0D}
	EndGlobalSection
EndGlobal
