
Microsoft Visual Studio Solution File, Format Version 12.00
# Visual Studio Version 16
VisualStudioVersion = 16.0.31911.196
MinimumVisualStudioVersion = 10.0.40219.1
Project("{9A19103F-16F7-4668-BE54-9A1E7A4F7556}") = "Solução_uri", "Solução_uri\Solução_uri.csproj", "{6B4E0F9E-A5CC-4EEE-AB9E-8C0D3175EF6B}"
EndProject
Project("{9A19103F-16F7-4668-BE54-9A1E7A4F7556}") = "Uri 1001", "Uri 1001\Uri 1001.csproj", "{EF7B29EF-2E44-4391-8103-8A3854CDA3CB}"
EndProject
Project("{9A19103F-16F7-4668-BE54-9A1E7A4F7556}") = "Uri 1002", "Uri 1002\Uri 1002.csproj", "{144BCA15-B865-4CB2-B698-7EFD26412A63}"
EndProject
Project("{9A19103F-16F7-4668-BE54-9A1E7A4F7556}") = "Uri 1003", "Uri 1003\Uri 1003.csproj", "{1CA14315-207C-4AC0-8E03-B53F16FD0ECC}"
EndProject
Project("{9A19103F-16F7-4668-BE54-9A1E7A4F7556}") = "uri_1019", "uri_1019\uri_1019.csproj", "{0E99A2DF-1FA8-4299-A1DA-45BDB3614C4E}"
EndProject
Project("{9A19103F-16F7-4668-BE54-9A1E7A4F7556}") = "uri_1020", "uri_1020\uri_1020.csproj", "{760365EF-8854-4A08-9EF4-B89739DD43E6}"
EndProject
Project("{9A19103F-16F7-4668-BE54-9A1E7A4F7556}") = "uri_1021", "uri_1021\uri_1021.csproj", "{5781120C-FD0D-4756-B961-A8B6C36F1274}"
EndProject
Project("{9A19103F-16F7-4668-BE54-9A1E7A4F7556}") = "uri_1035", "uri_1035\uri_1035.csproj", "{37F0A846-E6C7-4BC4-ABE1-F59CCC2BB15D}"
EndProject
Project("{9A19103F-16F7-4668-BE54-9A1E7A4F7556}") = "uri_1036", "uri_1036\uri_1036.csproj", "{6EB673FF-BD00-4C51-B192-6D8527431280}"
EndProject
Project("{9A19103F-16F7-4668-BE54-9A1E7A4F7556}") = "uri_1037", "uri_1037\uri_1037.csproj", "{A95E6C07-7459-4ED1-A556-5B2B75D53E25}"
EndProject
Project("{9A19103F-16F7-4668-BE54-9A1E7A4F7556}") = "uri_1038", "uri_1038\uri_1038.csproj", "{940BE04B-082B-4F15-BE95-533240110776}"
EndProject
Project("{9A19103F-16F7-4668-BE54-9A1E7A4F7556}") = "uri_1040", "uri_1040\uri_1040.csproj", "{80824512-4EE0-44EE-AC56-037D58F077D0}"
EndProject
Project("{FAE04EC0-301F-11D3-BF4B-00C04F79EFBC}") = "uri_1042", "uri_1042\uri_1042.csproj", "{44C9EC01-AA44-41F3-835B-87A567D68917}"
EndProject
Project("{FAE04EC0-301F-11D3-BF4B-00C04F79EFBC}") = "uri_1043", "uri_1043\uri_1043.csproj", "{CF7CAF78-68D5-49D7-A6A1-7A739EA5CA0B}"
EndProject
Global
	GlobalSection(SolutionConfigurationPlatforms) = preSolution
		Debug|Any CPU = Debug|Any CPU
		Release|Any CPU = Release|Any CPU
	EndGlobalSection
	GlobalSection(ProjectConfigurationPlatforms) = postSolution
		{6B4E0F9E-A5CC-4EEE-AB9E-8C0D3175EF6B}.Debug|Any CPU.ActiveCfg = Debug|Any CPU
		{6B4E0F9E-A5CC-4EEE-AB9E-8C0D3175EF6B}.Debug|Any CPU.Build.0 = Debug|Any CPU
		{6B4E0F9E-A5CC-4EEE-AB9E-8C0D3175EF6B}.Release|Any CPU.ActiveCfg = Release|Any CPU
		{6B4E0F9E-A5CC-4EEE-AB9E-8C0D3175EF6B}.Release|Any CPU.Build.0 = Release|Any CPU
		{EF7B29EF-2E44-4391-8103-8A3854CDA3CB}.Debug|Any CPU.ActiveCfg = Debug|Any CPU
		{EF7B29EF-2E44-4391-8103-8A3854CDA3CB}.Debug|Any CPU.Build.0 = Debug|Any CPU
		{EF7B29EF-2E44-4391-8103-8A3854CDA3CB}.Release|Any CPU.ActiveCfg = Release|Any CPU
		{EF7B29EF-2E44-4391-8103-8A3854CDA3CB}.Release|Any CPU.Build.0 = Release|Any CPU
		{144BCA15-B865-4CB2-B698-7EFD26412A63}.Debug|Any CPU.ActiveCfg = Debug|Any CPU
		{144BCA15-B865-4CB2-B698-7EFD26412A63}.Debug|Any CPU.Build.0 = Debug|Any CPU
		{144BCA15-B865-4CB2-B698-7EFD26412A63}.Release|Any CPU.ActiveCfg = Release|Any CPU
		{144BCA15-B865-4CB2-B698-7EFD26412A63}.Release|Any CPU.Build.0 = Release|Any CPU
		{1CA14315-207C-4AC0-8E03-B53F16FD0ECC}.Debug|Any CPU.ActiveCfg = Debug|Any CPU
		{1CA14315-207C-4AC0-8E03-B53F16FD0ECC}.Debug|Any CPU.Build.0 = Debug|Any CPU
		{1CA14315-207C-4AC0-8E03-B53F16FD0ECC}.Release|Any CPU.ActiveCfg = Release|Any CPU
		{1CA14315-207C-4AC0-8E03-B53F16FD0ECC}.Release|Any CPU.Build.0 = Release|Any CPU
		{0E99A2DF-1FA8-4299-A1DA-45BDB3614C4E}.Debug|Any CPU.ActiveCfg = Debug|Any CPU
		{0E99A2DF-1FA8-4299-A1DA-45BDB3614C4E}.Debug|Any CPU.Build.0 = Debug|Any CPU
		{0E99A2DF-1FA8-4299-A1DA-45BDB3614C4E}.Release|Any CPU.ActiveCfg = Release|Any CPU
		{0E99A2DF-1FA8-4299-A1DA-45BDB3614C4E}.Release|Any CPU.Build.0 = Release|Any CPU
		{760365EF-8854-4A08-9EF4-B89739DD43E6}.Debug|Any CPU.ActiveCfg = Debug|Any CPU
		{760365EF-8854-4A08-9EF4-B89739DD43E6}.Debug|Any CPU.Build.0 = Debug|Any CPU
		{760365EF-8854-4A08-9EF4-B89739DD43E6}.Release|Any CPU.ActiveCfg = Release|Any CPU
		{760365EF-8854-4A08-9EF4-B89739DD43E6}.Release|Any CPU.Build.0 = Release|Any CPU
		{5781120C-FD0D-4756-B961-A8B6C36F1274}.Debug|Any CPU.ActiveCfg = Debug|Any CPU
		{5781120C-FD0D-4756-B961-A8B6C36F1274}.Debug|Any CPU.Build.0 = Debug|Any CPU
		{5781120C-FD0D-4756-B961-A8B6C36F1274}.Release|Any CPU.ActiveCfg = Release|Any CPU
		{5781120C-FD0D-4756-B961-A8B6C36F1274}.Release|Any CPU.Build.0 = Release|Any CPU
		{37F0A846-E6C7-4BC4-ABE1-F59CCC2BB15D}.Debug|Any CPU.ActiveCfg = Debug|Any CPU
		{37F0A846-E6C7-4BC4-ABE1-F59CCC2BB15D}.Debug|Any CPU.Build.0 = Debug|Any CPU
		{37F0A846-E6C7-4BC4-ABE1-F59CCC2BB15D}.Release|Any CPU.ActiveCfg = Release|Any CPU
		{37F0A846-E6C7-4BC4-ABE1-F59CCC2BB15D}.Release|Any CPU.Build.0 = Release|Any CPU
		{6EB673FF-BD00-4C51-B192-6D8527431280}.Debug|Any CPU.ActiveCfg = Debug|Any CPU
		{6EB673FF-BD00-4C51-B192-6D8527431280}.Debug|Any CPU.Build.0 = Debug|Any CPU
		{6EB673FF-BD00-4C51-B192-6D8527431280}.Release|Any CPU.ActiveCfg = Release|Any CPU
		{6EB673FF-BD00-4C51-B192-6D8527431280}.Release|Any CPU.Build.0 = Release|Any CPU
		{A95E6C07-7459-4ED1-A556-5B2B75D53E25}.Debug|Any CPU.ActiveCfg = Debug|Any CPU
		{A95E6C07-7459-4ED1-A556-5B2B75D53E25}.Debug|Any CPU.Build.0 = Debug|Any CPU
		{A95E6C07-7459-4ED1-A556-5B2B75D53E25}.Release|Any CPU.ActiveCfg = Release|Any CPU
		{A95E6C07-7459-4ED1-A556-5B2B75D53E25}.Release|Any CPU.Build.0 = Release|Any CPU
		{940BE04B-082B-4F15-BE95-533240110776}.Debug|Any CPU.ActiveCfg = Debug|Any CPU
		{940BE04B-082B-4F15-BE95-533240110776}.Debug|Any CPU.Build.0 = Debug|Any CPU
		{940BE04B-082B-4F15-BE95-533240110776}.Release|Any CPU.ActiveCfg = Release|Any CPU
		{940BE04B-082B-4F15-BE95-533240110776}.Release|Any CPU.Build.0 = Release|Any CPU
		{80824512-4EE0-44EE-AC56-037D58F077D0}.Debug|Any CPU.ActiveCfg = Debug|Any CPU
		{80824512-4EE0-44EE-AC56-037D58F077D0}.Debug|Any CPU.Build.0 = Debug|Any CPU
		{80824512-4EE0-44EE-AC56-037D58F077D0}.Release|Any CPU.ActiveCfg = Release|Any CPU
		{80824512-4EE0-44EE-AC56-037D58F077D0}.Release|Any CPU.Build.0 = Release|Any CPU
		{44C9EC01-AA44-41F3-835B-87A567D68917}.Debug|Any CPU.ActiveCfg = Debug|Any CPU
		{44C9EC01-AA44-41F3-835B-87A567D68917}.Debug|Any CPU.Build.0 = Debug|Any CPU
		{44C9EC01-AA44-41F3-835B-87A567D68917}.Release|Any CPU.ActiveCfg = Release|Any CPU
		{44C9EC01-AA44-41F3-835B-87A567D68917}.Release|Any CPU.Build.0 = Release|Any CPU
		{CF7CAF78-68D5-49D7-A6A1-7A739EA5CA0B}.Debug|Any CPU.ActiveCfg = Debug|Any CPU
		{CF7CAF78-68D5-49D7-A6A1-7A739EA5CA0B}.Debug|Any CPU.Build.0 = Debug|Any CPU
		{CF7CAF78-68D5-49D7-A6A1-7A739EA5CA0B}.Release|Any CPU.ActiveCfg = Release|Any CPU
		{CF7CAF78-68D5-49D7-A6A1-7A739EA5CA0B}.Release|Any CPU.Build.0 = Release|Any CPU
	EndGlobalSection
	GlobalSection(SolutionProperties) = preSolution
		HideSolutionNode = FALSE
	EndGlobalSection
	GlobalSection(ExtensibilityGlobals) = postSolution
		SolutionGuid = {FD739660-1D00-452E-989F-D8EF9B1BCF0D}
	EndGlobalSection
EndGlobal
